<?xml version="1.0" encoding="utf-8"?>
<Project ToolsVersion="4.0" xmlns="http://schemas.microsoft.com/developer/msbuild/2003">
  <ItemGroup>
    <Filter Include="Source Files">
      <UniqueIdentifier>{4FC737F1-C7A5-4376-A066-2A32D752A2FF}</UniqueIdentifier>
      <Extensions>cpp;c;cc;cxx;c++;cppm;ixx;def;odl;idl;hpj;bat;asm;asmx</Extensions>
    </Filter>
    <Filter Include="Header Files">
      <UniqueIdentifier>{93995380-89BD-4b04-88EB-625FBE52EBFB}</UniqueIdentifier>
      <Extensions>h;hh;hpp;hxx;h++;hm;inl;inc;ipp;xsd</Extensions>
    </Filter>
    <Filter Include="Resource Files">
      <UniqueIdentifier>{67DA6AB6-F800-4c08-8B7A-83BB121AAD01}</UniqueIdentifier>
      <Extensions>rc;ico;cur;bmp;dlg;rc2;rct;bin;rgs;gif;jpg;jpeg;jpe;resx;tiff;tif;png;wav;mfcribbon-ms</Extensions>
    </Filter>
  </ItemGroup>
  <ItemGroup>
    <ClInclude Include="RudyPCH.h">
      <Filter>Header Files</Filter>
    </ClInclude>
    <ClInclude Include="Rudy\Core\Base.h">
      <Filter>Header Files</Filter>
    </ClInclude>
    <ClInclude Include="Rudy\Core\Log.h">
      <Filter>Header Files</Filter>
    </ClInclude>
    <ClInclude Include="Rudy\Core\PlatformDetection.h">
      <Filter>Header Files</Filter>
    </ClInclude>
    <ClInclude Include="Rudy\Core\Window.h">
      <Filter>Header Files</Filter>
    </ClInclude>
    <ClInclude Include="Platform\Windows\WindowsWindow.h">
      <Filter>Header Files</Filter>
    </ClInclude>
    <ClInclude Include="Rudy\Events\ApplicationEvent.h">
      <Filter>Header Files</Filter>
    </ClInclude>
    <ClInclude Include="Rudy\Events\Event.h">
      <Filter>Header Files</Filter>
    </ClInclude>
    <ClInclude Include="Rudy\Events\KeyEvent.h">
      <Filter>Header Files</Filter>
    </ClInclude>
    <ClInclude Include="Rudy\Events\MouseEvent.h">
      <Filter>Header Files</Filter>
    </ClInclude>
    <ClInclude Include="Rudy\Events\Input.h">
      <Filter>Header Files</Filter>
    </ClInclude>
    <ClInclude Include="Rudy\Events\KeyCodes.h">
      <Filter>Header Files</Filter>
    </ClInclude>
    <ClInclude Include="Rudy\Events\MouseCodes.h">
      <Filter>Header Files</Filter>
    </ClInclude>
    <ClInclude Include="Rudy\Renderer\GraphicsContext.h">
      <Filter>Header Files</Filter>
    </ClInclude>
    <ClInclude Include="Rudy\Renderer\Renderer.h">
      <Filter>Header Files</Filter>
    </ClInclude>
    <ClInclude Include="Rudy\Renderer\RendererAPI.h">
      <Filter>Header Files</Filter>
    </ClInclude>
    <ClInclude Include="Platform\OpenGL\OpenGLContext.h">
      <Filter>Header Files</Filter>
    </ClInclude>
    <ClInclude Include="Platform\OpenGL\OpenGLRendererAPI.h">
      <Filter>Header Files</Filter>
    </ClInclude>
    <ClInclude Include="Rudy\Renderer\Shader.h">
      <Filter>Header Files</Filter>
    </ClInclude>
    <ClInclude Include="Platform\OpenGL\OpenGLShader.h">
      <Filter>Header Files</Filter>
    </ClInclude>
    <ClInclude Include="Rudy\Renderer\Camera.h">
      <Filter>Header Files</Filter>
    </ClInclude>
    <ClInclude Include="Rudy\Renderer\Mesh.h">
      <Filter>Header Files</Filter>
    </ClInclude>
    <ClInclude Include="Rudy\Primitives\Sphere.h">
      <Filter>Header Files</Filter>
    </ClInclude>
    <ClInclude Include="Rudy\Renderer\Texture.h">
      <Filter>Header Files</Filter>
    </ClInclude>
    <ClInclude Include="Platform\OpenGL\OpenGLTexture.h">
      <Filter>Header Files</Filter>
    </ClInclude>
    <ClInclude Include="Rudy\Renderer\Material.h">
      <Filter>Header Files</Filter>
    </ClInclude>
    <ClInclude Include="Rudy\Renderer\Object.h">
      <Filter>Header Files</Filter>
    </ClInclude>
    <ClInclude Include="Rudy\Debug\Instrumentor.h">
      <Filter>Header Files</Filter>
    </ClInclude>
    <ClInclude Include="Rudy\Renderer\FrameBuffer.h">
      <Filter>Header Files</Filter>
    </ClInclude>
    <ClInclude Include="Platform\OpenGL\OpenGLFrameBuffer.h">
      <Filter>Header Files</Filter>
    </ClInclude>
    <ClInclude Include="Rudy\Primitives\Plane.h">
      <Filter>Header Files</Filter>
    </ClInclude>
    <ClInclude Include="Rudy\Primitives\ScreenQuad.h">
      <Filter>Header Files</Filter>
    </ClInclude>
    <ClInclude Include="Rudy\Primitives\Cube.h">
      <Filter>Header Files</Filter>
    </ClInclude>
    <ClInclude Include="Rudy\Renderer\Scene.h">
      <Filter>Header Files</Filter>
    </ClInclude>
    <ClInclude Include="Rudy\Renderer\Transform.h">
      <Filter>Header Files</Filter>
    </ClInclude>
    <ClInclude Include="Rudy\Animation\Animation.h">
      <Filter>Header Files</Filter>
    </ClInclude>
    <ClInclude Include="Rudy\Primitives\Overlay.h">
      <Filter>Header Files</Filter>
    </ClInclude>
    <ClInclude Include="Rudy\Core\FileSystem.h">
      <Filter>Header Files</Filter>
    </ClInclude>
    <ClInclude Include="Rudy\Renderer\Buffer.h">
      <Filter>Header Files</Filter>
    </ClInclude>
    <ClInclude Include="Platform\OpenGL\OpenGLBuffer.h">
      <Filter>Header Files</Filter>
    </ClInclude>
    <ClInclude Include="Rudy.h">
      <Filter>Header Files</Filter>
    </ClInclude>
    <ClInclude Include="Rudy\Particles\ParticleSystem.h">
      <Filter>Header Files</Filter>
    </ClInclude>
    <ClInclude Include="Rudy\Renderer\RendererComponent.h">
      <Filter>Header Files</Filter>
    </ClInclude>
    <ClInclude Include="Rudy\Physics\Cloth.h">
      <Filter>Header Files</Filter>
    </ClInclude>
    <ClInclude Include="Apps\Application.h">
      <Filter>Header Files</Filter>
    </ClInclude>
    <ClInclude Include="Rudy\Passes\Pass.h">
      <Filter>Header Files</Filter>
    </ClInclude>
    <ClInclude Include="Rudy\Passes\SSAO.h">
      <Filter>Header Files</Filter>
    </ClInclude>
    <ClInclude Include="Rudy\Passes\WorldToView.h">
      <Filter>Header Files</Filter>
    </ClInclude>
    <ClInclude Include="Vendor\imgui\imstb_truetype.h">
      <Filter>Header Files</Filter>
    </ClInclude>
    <ClInclude Include="Vendor\imgui\imstb_textedit.h">
      <Filter>Header Files</Filter>
    </ClInclude>
    <ClInclude Include="Vendor\imgui\imstb_rectpack.h">
      <Filter>Header Files</Filter>
    </ClInclude>
    <ClInclude Include="Vendor\imgui\imgui_impl_opengl3_loader.h">
      <Filter>Header Files</Filter>
    </ClInclude>
    <ClInclude Include="Vendor\imgui\imgui_internal.h">
      <Filter>Header Files</Filter>
    </ClInclude>
    <ClInclude Include="Vendor\imgui\imgui_impl_opengl3.h">
      <Filter>Header Files</Filter>
    </ClInclude>
    <ClInclude Include="Vendor\imgui\imgui_impl_glfw.h">
      <Filter>Header Files</Filter>
    </ClInclude>
    <ClInclude Include="Vendor\imgui\imgui.h">
      <Filter>Header Files</Filter>
    </ClInclude>
    <ClInclude Include="Vendor\imgui\imconfig.h">
      <Filter>Header Files</Filter>
    </ClInclude>
    <ClInclude Include="Rudy\Passes\Bloom.h">
      <Filter>Header Files</Filter>
    </ClInclude>
    <ClInclude Include="Rudy\Passes\Outline.h">
      <Filter>Header Files</Filter>
    </ClInclude>
    <ClInclude Include="Rudy\Passes\SSR.h">
      <Filter>Header Files</Filter>
    </ClInclude>
    <ClInclude Include="Rudy\Passes\ToneMap.h">
      <Filter>Header Files</Filter>
    </ClInclude>
    <ClInclude Include="Apps\PBR.h">
      <Filter>Header Files</Filter>
    </ClInclude>
    <ClInclude Include="Rudy\Passes\Composer.h">
      <Filter>Header Files</Filter>
    </ClInclude>
    <ClInclude Include="Apps\Phys.h">
      <Filter>Header Files</Filter>
    </ClInclude>
    <ClInclude Include="Apps\NPR.h">
      <Filter>Header Files</Filter>
    </ClInclude>
    <ClInclude Include="Rudy\Physics\Fluid.h">
      <Filter>Header Files</Filter>
    </ClInclude>
    <ClInclude Include="Apps\Layer.h">
      <Filter>Header Files</Filter>
    </ClInclude>
    <ClInclude Include="Rudy\Core\Assert.h">
      <Filter>Header Files</Filter>
    </ClInclude>
    <ClInclude Include="Rudy\Renderer\Light.h">
      <Filter>Header Files</Filter>
    </ClInclude>
  </ItemGroup>
  <ItemGroup>
    <ClCompile Include="Rudy\Core\Log.cpp">
      <Filter>Source Files</Filter>
    </ClCompile>
    <ClCompile Include="Platform\Windows\WindowsWindow.cpp">
      <Filter>Source Files</Filter>
    </ClCompile>
    <ClCompile Include="Rudy\Renderer\GraphicsContext.cpp">
      <Filter>Source Files</Filter>
    </ClCompile>
    <ClCompile Include="Platform\OpenGL\OpenGLContext.cpp">
      <Filter>Source Files</Filter>
    </ClCompile>
    <ClCompile Include="Platform\OpenGL\OpenGLShader.cpp">
      <Filter>Source Files</Filter>
    </ClCompile>
    <ClCompile Include="Rudy\Renderer\Texture.cpp">
      <Filter>Source Files</Filter>
    </ClCompile>
    <ClCompile Include="Platform\OpenGL\OpenGLTexture.cpp">
      <Filter>Source Files</Filter>
    </ClCompile>
    <ClCompile Include="Rudy\Renderer\Shader.cpp">
      <Filter>Source Files</Filter>
    </ClCompile>
    <ClCompile Include="Rudy\Renderer\Mesh.cpp">
      <Filter>Source Files</Filter>
    </ClCompile>
    <ClCompile Include="Rudy\Renderer\Material.cpp">
      <Filter>Source Files</Filter>
    </ClCompile>
    <ClCompile Include="Rudy\Renderer\Renderer.cpp">
      <Filter>Source Files</Filter>
    </ClCompile>
    <ClCompile Include="Rudy\Renderer\RendererAPI.cpp">
      <Filter>Source Files</Filter>
    </ClCompile>
    <ClCompile Include="Rudy\Core\WIndow.cpp">
      <Filter>Source Files</Filter>
    </ClCompile>
    <ClCompile Include="Rudy\Renderer\Camera.cpp">
      <Filter>Source Files</Filter>
    </ClCompile>
    <ClCompile Include="..\..\dependencies\stb_image\stb_image.cpp">
      <Filter>Source Files</Filter>
    </ClCompile>
    <ClCompile Include="RudyPCH.cpp">
      <Filter>Source Files</Filter>
    </ClCompile>
    <ClCompile Include="Rudy\Renderer\Object.cpp">
      <Filter>Source Files</Filter>
    </ClCompile>
    <ClCompile Include="Rudy\Renderer\FrameBuffer.cpp">
      <Filter>Source Files</Filter>
    </ClCompile>
    <ClCompile Include="Platform\OpenGL\OpenGLFrameBuffer.cpp">
      <Filter>Source Files</Filter>
    </ClCompile>
    <ClCompile Include="Platform\Windows\WindowsInput.cpp">
      <Filter>Source Files</Filter>
    </ClCompile>
    <ClCompile Include="Platform\OpenGL\OpenGLRendererAPI.cpp">
      <Filter>Source Files</Filter>
    </ClCompile>
    <ClCompile Include="Rudy\Renderer\Scene.cpp">
      <Filter>Source Files</Filter>
    </ClCompile>
    <ClCompile Include="Rudy\Primitives\Cube.cpp">
      <Filter>Source Files</Filter>
    </ClCompile>
    <ClCompile Include="Rudy\Renderer\Transform.cpp">
      <Filter>Source Files</Filter>
    </ClCompile>
    <ClCompile Include="Rudy\Animation\Animation.cpp">
      <Filter>Source Files</Filter>
    </ClCompile>
    <ClCompile Include="Rudy\Core\FileSystem.cpp">
      <Filter>Source Files</Filter>
    </ClCompile>
    <ClCompile Include="Rudy\Renderer\Buffer.cpp">
      <Filter>Source Files</Filter>
    </ClCompile>
    <ClCompile Include="Platform\OpenGL\OpenGLBuffer.cpp">
      <Filter>Source Files</Filter>
    </ClCompile>
    <ClCompile Include="Rudy\Particles\ParticleSystem.cpp">
      <Filter>Source Files</Filter>
    </ClCompile>
    <ClCompile Include="Rudy\Renderer\RendererComponent.cpp">
      <Filter>Source Files</Filter>
    </ClCompile>
    <ClCompile Include="Rudy\Physics\Cloth.cpp">
      <Filter>Source Files</Filter>
    </ClCompile>
    <ClCompile Include="Rudy\Primitives\Sphere.cpp">
      <Filter>Source Files</Filter>
    </ClCompile>
    <ClCompile Include="Rudy\Primitives\plane.cpp">
      <Filter>Source Files</Filter>
    </ClCompile>
    <ClCompile Include="Rudy\Primitives\ScreenQuad.cpp">
      <Filter>Source Files</Filter>
    </ClCompile>
    <ClCompile Include="Rudy\Primitives\Overlay.cpp">
      <Filter>Source Files</Filter>
    </ClCompile>
    <ClCompile Include="Apps\main.cpp">
      <Filter>Source Files</Filter>
    </ClCompile>
    <ClCompile Include="Rudy\Passes\SSAO.cpp">
      <Filter>Source Files</Filter>
    </ClCompile>
    <ClCompile Include="Rudy\Passes\WorldToView.cpp">
      <Filter>Source Files</Filter>
    </ClCompile>
    <ClCompile Include="Vendor\imgui\imgui_widgets.cpp">
      <Filter>Source Files</Filter>
    </ClCompile>
    <ClCompile Include="Vendor\imgui\imgui_tables.cpp">
      <Filter>Source Files</Filter>
    </ClCompile>
    <ClCompile Include="Vendor\imgui\imgui_impl_opengl3.cpp">
      <Filter>Source Files</Filter>
    </ClCompile>
    <ClCompile Include="Vendor\imgui\imgui_impl_glfw.cpp">
      <Filter>Source Files</Filter>
    </ClCompile>
    <ClCompile Include="Vendor\imgui\imgui_draw.cpp">
      <Filter>Source Files</Filter>
    </ClCompile>
    <ClCompile Include="Vendor\imgui\imgui_demo.cpp">
      <Filter>Source Files</Filter>
    </ClCompile>
    <ClCompile Include="Vendor\imgui\imgui.cpp">
      <Filter>Source Files</Filter>
    </ClCompile>
    <ClCompile Include="Rudy\Passes\Bloom.cpp">
      <Filter>Source Files</Filter>
    </ClCompile>
    <ClCompile Include="Rudy\Passes\Outline.cpp">
      <Filter>Source Files</Filter>
    </ClCompile>
    <ClCompile Include="Rudy\Passes\SSR.cpp">
      <Filter>Source Files</Filter>
    </ClCompile>
    <ClCompile Include="Rudy\Passes\ToneMap.cpp">
      <Filter>Source Files</Filter>
    </ClCompile>
    <ClCompile Include="Apps\PBR.cpp">
      <Filter>Source Files</Filter>
    </ClCompile>
    <ClCompile Include="Rudy\Passes\Composer.cpp">
      <Filter>Source Files</Filter>
    </ClCompile>
    <ClCompile Include="Apps\Application.cpp">
      <Filter>Source Files</Filter>
    </ClCompile>
    <ClCompile Include="Apps\Phys.cpp">
      <Filter>Source Files</Filter>
    </ClCompile>
    <ClCompile Include="Apps\NPR.cpp">
      <Filter>Source Files</Filter>
    </ClCompile>
    <ClCompile Include="Rudy\Physics\Fluid.cpp">
      <Filter>Source Files</Filter>
    </ClCompile>
    <ClCompile Include="Apps\Layer.cpp">
      <Filter>Source Files</Filter>
    </ClCompile>
    <ClCompile Include="Rudy\Renderer\Light.cpp">
      <Filter>Source Files</Filter>
    </ClCompile>
  </ItemGroup>
  <ItemGroup>
    <Text Include="dependencies.txt" />
  </ItemGroup>
  <ItemGroup>
    <None Include="Shaders\Shaders\default_FS.glsl" />
    <None Include="Shaders\Shaders\default_VS.glsl" />
    <None Include="Shaders\Deferred\BlinnPhong_VS.glsl" />
    <None Include="Shaders\Deferred\BlinnPhong_FS.glsl">
      <Filter>Source Files</Filter>
    </None>
    <None Include="Shaders\Shaders\DepthMap_FS.glsl" />
    <None Include="Shaders\Shaders\DepthMap_VS.glsl" />
    <None Include="Shaders\Shaders\DepthQuad_FS.glsl" />
    <None Include="Shaders\Shaders\DepthQuad_VS.glsl" />
    <None Include="Shaders\Shaders\Skybox_VS.glsl" />
    <None Include="Shaders\Shaders\Skybox_FS.glsl" />
    <None Include="Shaders\Deferred\GBuffer_VS.glsl" />
    <None Include="Shaders\Deferred\GBuffer_FS.glsl" />
    <None Include="Shaders\Shaders\ScreenQuad_VS.glsl" />
    <None Include="Shaders\Shaders\ScreenQuad_FS.glsl" />
    <None Include="Shaders\Shaders\SpecularEnvMap_FS.glsl" />
    <None Include="Shaders\Shaders\SpecularEnvMap_VS.glsl" />
    <None Include="Shaders\Deferred\PBR_FS.glsl" />
    <None Include="Shaders\Deferred\PBR_VS.glsl" />
    <None Include="Shaders\Shaders\BrdfLUT_VS.glsl" />
    <None Include="Shaders\Shaders\BrdfLUT_FS.glsl" />
    <None Include="Shaders\Shaders\DiffuseEnvMap_FS.glsl" />
    <None Include="Shaders\Shaders\DiffuseEnvMap_VS.glsl" />
    <None Include="Shaders\Shaders\RectToCube_VS.glsl" />
    <None Include="Shaders\Shaders\RectToCube_FS.glsl" />
    <None Include="Shaders\PostProcess\SSAO_VS.glsl" />
    <None Include="Shaders\PostProcess\SSAO_FS.glsl" />
    <None Include="Shaders\PostProcess\SSR_FS.glsl" />
    <None Include="Shaders\Deferred\GBufferSkinned_VS.glsl" />
    <None Include="Shaders\Shaders\default_pure_FS.glsl" />
    <None Include="Shaders\Deferred\BlinnPhong_Color_FS.glsl" />
    <None Include="Shaders\Shaders\DepthMapSkinned_VS.glsl">
      <Filter>Source Files</Filter>
    </None>
    <None Include="Shaders\PostProcess\TestImage_CS.glsl" />
    <None Include="Shaders\Particles\particle_render_mesh_VS.glsl" />
    <None Include="Shaders\Particles\particle_render_mesh_FS.glsl" />
    <None Include="Shaders\Particles\Particle_CS.glsl" />
    <None Include="Shaders\PostProcess\upSample_CS.glsl" />
    <None Include="Shaders\PostProcess\downSample_CS.glsl" />
    <None Include="Shaders\Particles\particle_reset_CS.glsl" />
    <None Include="Shaders\Particles\particle_emission_CS.glsl" />
    <None Include="Shaders\Particles\particle_update_CS.glsl" />
    <None Include="Shaders\Particles\particle_render_sprite_VS.glsl" />
    <None Include="Shaders\Particles\particle_render_sprite_GS.glsl" />
    <None Include="Shaders\Particles\particle_render_sprite_FS.glsl" />
    <None Include="Shaders\Shaders\Genshin_FS.glsl" />
    <None Include="Shaders\Shaders\Genshin_VS.glsl" />
    <None Include="Shaders\Deferred\Lambertian_FS.glsl" />
    <None Include="Shaders\Shaders\show_normal_GS.glsl" />
    <None Include="Shaders\Shaders\show_normal_FS.glsl" />
    <None Include="Shaders\Particles\particle_dispatch_CS.glsl" />
    <None Include="Shaders\Cloth\compute_rest_length_CS.glsl" />
    <None Include="Shaders\Particles\template_CS.glsl" />
    <None Include="Shaders\Cloth\pre_integrate_CS.glsl" />
    <None Include="Shaders\Cloth\post_correction_CS.glsl" />
    <None Include="Shaders\Cloth\solve_stretchConst_CS.glsl" />
    <None Include="Shaders\Cloth\compute_normals_CS.glsl" />
    <None Include="Shaders\Cloth\default_cloth_VS.glsl" />
    <None Include="Shaders\Cloth\default_cloth_FS.glsl" />
    <None Include="Shaders\Cloth\post_update_vel_CS.glsl" />
    <None Include="Shaders\Cloth\solve_distConst_legacy_CS.glsl" />
    <None Include="Shaders\Cloth\solve_bendConst_CS.glsl" />
    <None Include="Shaders\Cloth\normalize_normals_CS.glsl" />
    <None Include="Shaders\PostProcess\WorldToView_CS.glsl" />
    <None Include="Shaders\PostProcess\GaussianBlur_CS.glsl" />
    <None Include="Shaders\PostProcess\averageBlur_CS.glsl" />
    <None Include="Shaders\PostProcess\threshold_CS.glsl" />
    <None Include="Shaders\PostProcess\outline_CS.glsl" />
    <None Include="Shaders\PostProcess\SSR_CS.glsl" />
    <None Include="Shaders\PostProcess\SSR_aveFilter_CS.glsl" />
    <None Include="Shaders\Shaders\Vertex_Color_FS.glsl" />
    <None Include="Shaders\Shaders\Vertex_Color_VS.glsl" />
    <None Include="Shaders\PostProcess\toneMapping_CS.glsl" />
    <None Include="Shaders\PostProcess\composer_CS.glsl" />
    <None Include="Shaders\PostProcess\outline_FDM_CS.glsl" />
    <None Include="Shaders\PostProcess\bloom_add_CS.glsl" />
    <None Include=".clang-format" />
    <None Include="Shaders\Fluid\fluid_colormap_CS.glsl" />
    <None Include="Shaders\Fluid\fluid_projection_CS.glsl" />
    <None Include="Shaders\Fluid\fluid_advection_CS.glsl" />
    <None Include="Shaders\Fluid\fluid_post_projection_CS.glsl" />
    <None Include="Shaders\Fluid\fluid_advection_attr_CS.glsl" />
  </ItemGroup>
</Project>